
Microsoft Visual Studio Solution File, Format Version 12.00
# Visual Studio Version 17
VisualStudioVersion = 17.14.36202.13
MinimumVisualStudioVersion = 10.0.40219.1
Project("{FAE04EC0-301F-11D3-BF4B-00C04F79EFBC}") = "ShasavicMusicMaker", "ShasavicMusicMaker\ShasavicMusicMaker.csproj", "{877D7A32-84EB-410A-BE7A-F9A48A4C6F2C}"
EndProject
Project("{FAE04EC0-301F-11D3-BF4B-00C04F79EFBC}") = "SinShasavicSynthSF2", "SinShasavicSynth\SinShasavicSynthSF2.csproj", "{D3935B43-EF0C-4E71-9C06-5FEC3CC2E6A2}"
EndProject
Global
	GlobalSection(SolutionConfigurationPlatforms) = preSolution
		Debug|Any CPU = Debug|Any CPU
		Release|Any CPU = Release|Any CPU
	EndGlobalSection
	GlobalSection(ProjectConfigurationPlatforms) = postSolution
		{877D7A32-84EB-410A-BE7A-F9A48A4C6F2C}.Debug|Any CPU.ActiveCfg = Debug|Any CPU
		{877D7A32-84EB-410A-BE7A-F9A48A4C6F2C}.Debug|Any CPU.Build.0 = Debug|Any CPU
		{877D7A32-84EB-410A-BE7A-F9A48A4C6F2C}.Release|Any CPU.ActiveCfg = Release|Any CPU
		{877D7A32-84EB-410A-BE7A-F9A48A4C6F2C}.Release|Any CPU.Build.0 = Release|Any CPU
		{D3935B43-EF0C-4E71-9C06-5FEC3CC2E6A2}.Debug|Any CPU.ActiveCfg = Debug|Any CPU
		{D3935B43-EF0C-4E71-9C06-5FEC3CC2E6A2}.Debug|Any CPU.Build.0 = Debug|Any CPU
		{D3935B43-EF0C-4E71-9C06-5FEC3CC2E6A2}.Release|Any CPU.ActiveCfg = Release|Any CPU
		{D3935B43-EF0C-4E71-9C06-5FEC3CC2E6A2}.Release|Any CPU.Build.0 = Release|Any CPU
	EndGlobalSection
	GlobalSection(SolutionProperties) = preSolution
		HideSolutionNode = FALSE
	EndGlobalSection
	GlobalSection(ExtensibilityGlobals) = postSolution
		SolutionGuid = {DFF6BA40-C7B8-4998-9ED3-0E6621D031C8}
	EndGlobalSection
EndGlobal
